
Microsoft Visual Studio Solution File, Format Version 12.00
# Visual Studio Version 17
VisualStudioVersion = 17.14.36429.23 d17.14
MinimumVisualStudioVersion = 10.0.40219.1
Project("{FAE04EC0-301F-11D3-BF4B-00C04F79EFBC}") = "Array", "Array.csproj", "{0AEBF388-8000-480C-B272-FD5D84D14967}"
EndProject
Global
	GlobalSection(SolutionConfigurationPlatforms) = preSolution
		Debug|Any CPU = Debug|Any CPU
		Release|Any CPU = Release|Any CPU
	EndGlobalSection
	GlobalSection(ProjectConfigurationPlatforms) = postSolution
		{0AEBF388-8000-480C-B272-FD5D84D14967}.Debug|Any CPU.ActiveCfg = Debug|Any CPU
		{0AEBF388-8000-480C-B272-FD5D84D14967}.Debug|Any CPU.Build.0 = Debug|Any CPU
		{0AEBF388-8000-480C-B272-FD5D84D14967}.Release|Any CPU.ActiveCfg = Release|Any CPU
		{0AEBF388-8000-480C-B272-FD5D84D14967}.Release|Any CPU.Build.0 = Release|Any CPU
	EndGlobalSection
	GlobalSection(SolutionProperties) = preSolution
		HideSolutionNode = FALSE
	EndGlobalSection
	GlobalSection(ExtensibilityGlobals) = postSolution
		SolutionGuid = {6DC61907-CAA6-4A56-825D-02E22D1A7F29}
	EndGlobalSection
EndGlobal
