
Microsoft Visual Studio Solution File, Format Version 12.00
# Visual Studio Version 17
VisualStudioVersion = 17.14.36414.22 d17.14
MinimumVisualStudioVersion = 10.0.40219.1
Project("{FAE04EC0-301F-11D3-BF4B-00C04F79EFBC}") = "15-09-2025", "15-09-2025.csproj", "{217AD944-31F2-4770-B5B1-1EC28DE52ADF}"
EndProject
Global
	GlobalSection(SolutionConfigurationPlatforms) = preSolution
		Debug|Any CPU = Debug|Any CPU
		Release|Any CPU = Release|Any CPU
	EndGlobalSection
	GlobalSection(ProjectConfigurationPlatforms) = postSolution
		{217AD944-31F2-4770-B5B1-1EC28DE52ADF}.Debug|Any CPU.ActiveCfg = Debug|Any CPU
		{217AD944-31F2-4770-B5B1-1EC28DE52ADF}.Debug|Any CPU.Build.0 = Debug|Any CPU
		{217AD944-31F2-4770-B5B1-1EC28DE52ADF}.Release|Any CPU.ActiveCfg = Release|Any CPU
		{217AD944-31F2-4770-B5B1-1EC28DE52ADF}.Release|Any CPU.Build.0 = Release|Any CPU
	EndGlobalSection
	GlobalSection(SolutionProperties) = preSolution
		HideSolutionNode = FALSE
	EndGlobalSection
	GlobalSection(ExtensibilityGlobals) = postSolution
		SolutionGuid = {0984E5D8-02B2-4CC3-8A9F-8EDB51C34410}
	EndGlobalSection
EndGlobal
