
Microsoft Visual Studio Solution File, Format Version 12.00
# Visual Studio Version 17
VisualStudioVersion = 17.14.36414.22
MinimumVisualStudioVersion = 10.0.40219.1
Project("{FAE04EC0-301F-11D3-BF4B-00C04F79EFBC}") = "ExceptionsExamples", "ExceptionsExamples.csproj", "{FC329584-69A1-49E2-A0BF-67CE02350DD2}"
EndProject
Project("{FAE04EC0-301F-11D3-BF4B-00C04F79EFBC}") = "Programs", "..\Programs\Programs.csproj", "{C3E08CF2-14DC-466A-A8B6-942BCCB346D5}"
EndProject
Global
	GlobalSection(SolutionConfigurationPlatforms) = preSolution
		Debug|Any CPU = Debug|Any CPU
		Release|Any CPU = Release|Any CPU
	EndGlobalSection
	GlobalSection(ProjectConfigurationPlatforms) = postSolution
		{FC329584-69A1-49E2-A0BF-67CE02350DD2}.Debug|Any CPU.ActiveCfg = Debug|Any CPU
		{FC329584-69A1-49E2-A0BF-67CE02350DD2}.Debug|Any CPU.Build.0 = Debug|Any CPU
		{FC329584-69A1-49E2-A0BF-67CE02350DD2}.Release|Any CPU.ActiveCfg = Release|Any CPU
		{FC329584-69A1-49E2-A0BF-67CE02350DD2}.Release|Any CPU.Build.0 = Release|Any CPU
		{C3E08CF2-14DC-466A-A8B6-942BCCB346D5}.Debug|Any CPU.ActiveCfg = Debug|Any CPU
		{C3E08CF2-14DC-466A-A8B6-942BCCB346D5}.Debug|Any CPU.Build.0 = Debug|Any CPU
		{C3E08CF2-14DC-466A-A8B6-942BCCB346D5}.Release|Any CPU.ActiveCfg = Release|Any CPU
		{C3E08CF2-14DC-466A-A8B6-942BCCB346D5}.Release|Any CPU.Build.0 = Release|Any CPU
	EndGlobalSection
	GlobalSection(SolutionProperties) = preSolution
		HideSolutionNode = FALSE
	EndGlobalSection
	GlobalSection(ExtensibilityGlobals) = postSolution
		SolutionGuid = {EB7C24B8-90BB-412E-BE43-96DAF53224FE}
	EndGlobalSection
EndGlobal
