
Microsoft Visual Studio Solution File, Format Version 12.00
# Visual Studio Version 17
VisualStudioVersion = 17.14.36414.22 d17.14
MinimumVisualStudioVersion = 10.0.40219.1
Project("{FAE04EC0-301F-11D3-BF4B-00C04F79EFBC}") = "ConsoleApp3", "ConsoleApp3.csproj", "{5D9BC2DE-11C6-47DB-8BA1-F7076D13E096}"
EndProject
Global
	GlobalSection(SolutionConfigurationPlatforms) = preSolution
		Debug|Any CPU = Debug|Any CPU
		Release|Any CPU = Release|Any CPU
	EndGlobalSection
	GlobalSection(ProjectConfigurationPlatforms) = postSolution
		{5D9BC2DE-11C6-47DB-8BA1-F7076D13E096}.Debug|Any CPU.ActiveCfg = Debug|Any CPU
		{5D9BC2DE-11C6-47DB-8BA1-F7076D13E096}.Debug|Any CPU.Build.0 = Debug|Any CPU
		{5D9BC2DE-11C6-47DB-8BA1-F7076D13E096}.Release|Any CPU.ActiveCfg = Release|Any CPU
		{5D9BC2DE-11C6-47DB-8BA1-F7076D13E096}.Release|Any CPU.Build.0 = Release|Any CPU
	EndGlobalSection
	GlobalSection(SolutionProperties) = preSolution
		HideSolutionNode = FALSE
	EndGlobalSection
	GlobalSection(ExtensibilityGlobals) = postSolution
		SolutionGuid = {FA1FB276-2728-41A3-B1D1-EE052DC0C69B}
	EndGlobalSection
EndGlobal
