
Microsoft Visual Studio Solution File, Format Version 12.00
# Visual Studio Version 17
VisualStudioVersion = 17.14.36429.23
MinimumVisualStudioVersion = 10.0.40219.1
Project("{FAE04EC0-301F-11D3-BF4B-00C04F79EFBC}") = "OopsExamples", "OopsExamples.csproj", "{5E1916B4-37D8-4322-8F57-79898F3ECBF3}"
EndProject
Project("{FAE04EC0-301F-11D3-BF4B-00C04F79EFBC}") = "ConstructorExamples", "..\ConstructorWxamples\ConstructorExamples.csproj", "{E39C06D5-C83C-476E-B064-6483EC87AE90}"
EndProject
Global
	GlobalSection(SolutionConfigurationPlatforms) = preSolution
		Debug|Any CPU = Debug|Any CPU
		Release|Any CPU = Release|Any CPU
	EndGlobalSection
	GlobalSection(ProjectConfigurationPlatforms) = postSolution
		{5E1916B4-37D8-4322-8F57-79898F3ECBF3}.Debug|Any CPU.ActiveCfg = Debug|Any CPU
		{5E1916B4-37D8-4322-8F57-79898F3ECBF3}.Debug|Any CPU.Build.0 = Debug|Any CPU
		{5E1916B4-37D8-4322-8F57-79898F3ECBF3}.Release|Any CPU.ActiveCfg = Release|Any CPU
		{5E1916B4-37D8-4322-8F57-79898F3ECBF3}.Release|Any CPU.Build.0 = Release|Any CPU
		{E39C06D5-C83C-476E-B064-6483EC87AE90}.Debug|Any CPU.ActiveCfg = Debug|Any CPU
		{E39C06D5-C83C-476E-B064-6483EC87AE90}.Debug|Any CPU.Build.0 = Debug|Any CPU
		{E39C06D5-C83C-476E-B064-6483EC87AE90}.Release|Any CPU.ActiveCfg = Release|Any CPU
		{E39C06D5-C83C-476E-B064-6483EC87AE90}.Release|Any CPU.Build.0 = Release|Any CPU
	EndGlobalSection
	GlobalSection(SolutionProperties) = preSolution
		HideSolutionNode = FALSE
	EndGlobalSection
	GlobalSection(ExtensibilityGlobals) = postSolution
		SolutionGuid = {531254C2-651A-4EF0-85B0-2E650513D8D7}
	EndGlobalSection
EndGlobal
